
Microsoft Visual Studio Solution File, Format Version 12.00
# Visual Studio Version 17
VisualStudioVersion = 17.7.34031.279
MinimumVisualStudioVersion = 10.0.40219.1
Project("{9A19103F-16F7-4668-BE54-9A1E7A4F7556}") = "Preuss.FolderComparer", "Preuss.FolderComparer\Preuss.FolderComparer.csproj", "{D3528CCA-0D2F-4C27-B83D-7C352667B1BD}"
EndProject
Project("{2150E333-8FDC-42A3-9474-1A3956D46DE8}") = "Misc", "Misc", "{3385024B-BAB9-498F-A16D-CD894E280906}"
	ProjectSection(SolutionItems) = preProject
		.gitignore = .gitignore
		Directory.Build.props = Directory.Build.props
		Directory.Packages.props = Directory.Packages.props
		global.json = global.json
		README.md = README.md
	EndProjectSection
EndProject
Project("{9A19103F-16F7-4668-BE54-9A1E7A4F7556}") = "Preuss.FolderComparer.Abstractions", "Preuss.FolderComparer.Abstractions\Preuss.FolderComparer.Abstractions.csproj", "{68579DCB-309C-4A6A-B6DC-39831DC60A7A}"
EndProject
Project("{FAE04EC0-301F-11D3-BF4B-00C04F79EFBC}") = "Preuss.FolderComparer.DataAccess", "Preuss.FolderComparer.DataAccess\Preuss.FolderComparer.DataAccess.csproj", "{2CAA008D-0948-4C7E-98F4-8C9EEDBAD50A}"
EndProject
Project("{FAE04EC0-301F-11D3-BF4B-00C04F79EFBC}") = "Preuss.FolderComparer.DataAccess.Abstractions", "Preuss.FolderComparer.DataAccess.Abstractions\Preuss.FolderComparer.DataAccess.Abstractions.csproj", "{7570EA4D-8FCF-47F1-94D4-F53FC7978BD5}"
EndProject
Global
	GlobalSection(SolutionConfigurationPlatforms) = preSolution
		Debug|Any CPU = Debug|Any CPU
		Release|Any CPU = Release|Any CPU
	EndGlobalSection
	GlobalSection(ProjectConfigurationPlatforms) = postSolution
		{D3528CCA-0D2F-4C27-B83D-7C352667B1BD}.Debug|Any CPU.ActiveCfg = Debug|Any CPU
		{D3528CCA-0D2F-4C27-B83D-7C352667B1BD}.Debug|Any CPU.Build.0 = Debug|Any CPU
		{D3528CCA-0D2F-4C27-B83D-7C352667B1BD}.Release|Any CPU.ActiveCfg = Release|Any CPU
		{D3528CCA-0D2F-4C27-B83D-7C352667B1BD}.Release|Any CPU.Build.0 = Release|Any CPU
		{68579DCB-309C-4A6A-B6DC-39831DC60A7A}.Debug|Any CPU.ActiveCfg = Debug|Any CPU
		{68579DCB-309C-4A6A-B6DC-39831DC60A7A}.Debug|Any CPU.Build.0 = Debug|Any CPU
		{68579DCB-309C-4A6A-B6DC-39831DC60A7A}.Release|Any CPU.ActiveCfg = Release|Any CPU
		{68579DCB-309C-4A6A-B6DC-39831DC60A7A}.Release|Any CPU.Build.0 = Release|Any CPU
		{2CAA008D-0948-4C7E-98F4-8C9EEDBAD50A}.Debug|Any CPU.ActiveCfg = Debug|Any CPU
		{2CAA008D-0948-4C7E-98F4-8C9EEDBAD50A}.Debug|Any CPU.Build.0 = Debug|Any CPU
		{2CAA008D-0948-4C7E-98F4-8C9EEDBAD50A}.Release|Any CPU.ActiveCfg = Release|Any CPU
		{2CAA008D-0948-4C7E-98F4-8C9EEDBAD50A}.Release|Any CPU.Build.0 = Release|Any CPU
		{7570EA4D-8FCF-47F1-94D4-F53FC7978BD5}.Debug|Any CPU.ActiveCfg = Debug|Any CPU
		{7570EA4D-8FCF-47F1-94D4-F53FC7978BD5}.Debug|Any CPU.Build.0 = Debug|Any CPU
		{7570EA4D-8FCF-47F1-94D4-F53FC7978BD5}.Release|Any CPU.ActiveCfg = Release|Any CPU
		{7570EA4D-8FCF-47F1-94D4-F53FC7978BD5}.Release|Any CPU.Build.0 = Release|Any CPU
	EndGlobalSection
	GlobalSection(SolutionProperties) = preSolution
		HideSolutionNode = FALSE
	EndGlobalSection
	GlobalSection(ExtensibilityGlobals) = postSolution
		SolutionGuid = {2BC8D8F7-EA22-475F-AD4B-BE650C850DAF}
	EndGlobalSection
EndGlobal
